// !$*UTF8*$!
{
	archiveVersion = 1;
	classes = {
	};
	objectVersion = 48;
	objects = {

/* Begin PBXBuildFile section */
		A1D901281F59A528000B9014 /* AppDelegate.swift in Sources */ = {isa = PBXBuildFile; fileRef = A1D901271F59A528000B9014 /* AppDelegate.swift */; };
		A1D9012A1F59A528000B9014 /* GoalsVC.swift in Sources */ = {isa = PBXBuildFile; fileRef = A1D901291F59A528000B9014 /* GoalsVC.swift */; };
		A1D9012D1F59A528000B9014 /* Main.storyboard in Resources */ = {isa = PBXBuildFile; fileRef = A1D9012B1F59A528000B9014 /* Main.storyboard */; };
		A1D901301F59A528000B9014 /* goalpost.xcdatamodeld in Sources */ = {isa = PBXBuildFile; fileRef = A1D9012E1F59A528000B9014 /* goalpost.xcdatamodeld */; };
		A1D901321F59A528000B9014 /* Assets.xcassets in Resources */ = {isa = PBXBuildFile; fileRef = A1D901311F59A528000B9014 /* Assets.xcassets */; };
		A1D901351F59A528000B9014 /* LaunchScreen.storyboard in Resources */ = {isa = PBXBuildFile; fileRef = A1D901331F59A528000B9014 /* LaunchScreen.storyboard */; };
/* End PBXBuildFile section */

/* Begin PBXFileReference section */
		A1D901241F59A528000B9014 /* goalpost.app */ = {isa = PBXFileReference; explicitFileType = wrapper.application; includeInIndex = 0; path = goalpost.app; sourceTree = BUILT_PRODUCTS_DIR; };
		A1D901271F59A528000B9014 /* AppDelegate.swift */ = {isa = PBXFileReference; lastKnownFileType = sourcecode.swift; path = AppDelegate.swift; sourceTree = "<group>"; };
		A1D901291F59A528000B9014 /* GoalsVC.swift */ = {isa = PBXFileReference; lastKnownFileType = sourcecode.swift; path = GoalsVC.swift; sourceTree = "<group>"; };
		A1D9012C1F59A528000B9014 /* Base */ = {isa = PBXFileReference; lastKnownFileType = file.storyboard; name = Base; path = Base.lproj/Main.storyboard; sourceTree = "<group>"; };
		A1D9012F1F59A528000B9014 /* goalpost.xcdatamodel */ = {isa = PBXFileReference; lastKnownFileType = wrapper.xcdatamodel; path = goalpost.xcdatamodel; sourceTree = "<group>"; };
		A1D901311F59A528000B9014 /* Assets.xcassets */ = {isa = PBXFileReference; lastKnownFileType = folder.assetcatalog; path = Assets.xcassets; sourceTree = "<group>"; };
		A1D901341F59A528000B9014 /* Base */ = {isa = PBXFileReference; lastKnownFileType = file.storyboard; name = Base; path = Base.lproj/LaunchScreen.storyboard; sourceTree = "<group>"; };
		A1D901361F59A528000B9014 /* Info.plist */ = {isa = PBXFileReference; lastKnownFileType = text.plist.xml; path = Info.plist; sourceTree = "<group>"; };
/* End PBXFileReference section */

/* Begin PBXFrameworksBuildPhase section */
		A1D901211F59A528000B9014 /* Frameworks */ = {
			isa = PBXFrameworksBuildPhase;
			buildActionMask = 2147483647;
			files = (
			);
			runOnlyForDeploymentPostprocessing = 0;
		};
/* End PBXFrameworksBuildPhase section */

/* Begin PBXGroup section */
		A1D9011B1F59A528000B9014 = {
			isa = PBXGroup;
			children = (
				A1D901261F59A528000B9014 /* goalpost */,
				A1D901251F59A528000B9014 /* Products */,
			);
			sourceTree = "<group>";
		};
		A1D901251F59A528000B9014 /* Products */ = {
			isa = PBXGroup;
			children = (
				A1D901241F59A528000B9014 /* goalpost.app */,
			);
			name = Products;
			sourceTree = "<group>";
		};
		A1D901261F59A528000B9014 /* goalpost */ = {
			isa = PBXGroup;
			children = (
				A1D9013F1F59A571000B9014 /* Extensions */,
				A1D9013E1F59A551000B9014 /* Enums */,
				A1D9013D1F59A54D000B9014 /* View */,
				A1D9013C1F59A53E000B9014 /* Controller */,
				A1D901271F59A528000B9014 /* AppDelegate.swift */,
				A1D9012B1F59A528000B9014 /* Main.storyboard */,
				A1D901311F59A528000B9014 /* Assets.xcassets */,
				A1D901331F59A528000B9014 /* LaunchScreen.storyboard */,
				A1D901361F59A528000B9014 /* Info.plist */,
				A1D9012E1F59A528000B9014 /* goalpost.xcdatamodeld */,
			);
			path = goalpost;
			sourceTree = "<group>";
		};
		A1D9013C1F59A53E000B9014 /* Controller */ = {
			isa = PBXGroup;
			children = (
				A1D901291F59A528000B9014 /* GoalsVC.swift */,
			);
			path = Controller;
			sourceTree = "<group>";
		};
		A1D9013D1F59A54D000B9014 /* View */ = {
			isa = PBXGroup;
			children = (
			);
			path = View;
			sourceTree = "<group>";
		};
		A1D9013E1F59A551000B9014 /* Enums */ = {
			isa = PBXGroup;
			children = (
			);
			path = Enums;
			sourceTree = "<group>";
		};
		A1D9013F1F59A571000B9014 /* Extensions */ = {
			isa = PBXGroup;
			children = (
			);
			path = Extensions;
			sourceTree = "<group>";
		};
/* End PBXGroup section */

/* Begin PBXNativeTarget section */
		A1D901231F59A528000B9014 /* goalpost */ = {
			isa = PBXNativeTarget;
			buildConfigurationList = A1D901391F59A528000B9014 /* Build configuration list for PBXNativeTarget "goalpost" */;
			buildPhases = (
				A1D901201F59A528000B9014 /* Sources */,
				A1D901211F59A528000B9014 /* Frameworks */,
				A1D901221F59A528000B9014 /* Resources */,
			);
			buildRules = (
			);
			dependencies = (
			);
			name = goalpost;
			productName = goalpost;
			productReference = A1D901241F59A528000B9014 /* goalpost.app */;
			productType = "com.apple.product-type.application";
		};
/* End PBXNativeTarget section */

/* Begin PBXProject section */
		A1D9011C1F59A528000B9014 /* Project object */ = {
			isa = PBXProject;
			attributes = {
				LastSwiftUpdateCheck = 0900;
				LastUpgradeCheck = 0900;
				ORGANIZATIONNAME = "Andrew Greenough";
				TargetAttributes = {
					A1D901231F59A528000B9014 = {
						CreatedOnToolsVersion = 9.0;
						ProvisioningStyle = Automatic;
					};
				};
			};
			buildConfigurationList = A1D9011F1F59A528000B9014 /* Build configuration list for PBXProject "goalpost" */;
			compatibilityVersion = "Xcode 8.0";
			developmentRegion = en;
			hasScannedForEncodings = 0;
			knownRegions = (
				en,
				Base,
			);
			mainGroup = A1D9011B1F59A528000B9014;
			productRefGroup = A1D901251F59A528000B9014 /* Products */;
			projectDirPath = "";
			projectRoot = "";
			targets = (
				A1D901231F59A528000B9014 /* goalpost */,
			);
		};
/* End PBXProject section */

/* Begin PBXResourcesBuildPhase section */
		A1D901221F59A528000B9014 /* Resources */ = {
			isa = PBXResourcesBuildPhase;
			buildActionMask = 2147483647;
			files = (
				A1D901351F59A528000B9014 /* LaunchScreen.storyboard in Resources */,
				A1D901321F59A528000B9014 /* Assets.xcassets in Resources */,
				A1D9012D1F59A528000B9014 /* Main.storyboard in Resources */,
			);
			runOnlyForDeploymentPostprocessing = 0;
		};
/* End PBXResourcesBuildPhase section */

/* Begin PBXSourcesBuildPhase section */
		A1D901201F59A528000B9014 /* Sources */ = {
			isa = PBXSourcesBuildPhase;
			buildActionMask = 2147483647;
			files = (
				A1D901301F59A528000B9014 /* goalpost.xcdatamodeld in Sources */,
				A1D9012A1F59A528000B9014 /* GoalsVC.swift in Sources */,
				A1D901281F59A528000B9014 /* AppDelegate.swift in Sources */,
			);
			runOnlyForDeploymentPostprocessing = 0;
		};
/* End PBXSourcesBuildPhase section */

/* Begin PBXVariantGroup section */
		A1D9012B1F59A528000B9014 /* Main.storyboard */ = {
			isa = PBXVariantGroup;
			children = (
				A1D9012C1F59A528000B9014 /* Base */,
			);
			name = Main.storyboard;
			sourceTree = "<group>";
		};
		A1D901331F59A528000B9014 /* LaunchScreen.storyboard */ = {
			isa = PBXVariantGroup;
			children = (
				A1D901341F59A528000B9014 /* Base */,
			);
			name = LaunchScreen.storyboard;
			sourceTree = "<group>";
		};
/* End PBXVariantGroup section */

/* Begin XCBuildConfiguration section */
		A1D901371F59A528000B9014 /* Debug */ = {
			isa = XCBuildConfiguration;
			buildSettings = {
				ALWAYS_SEARCH_USER_PATHS = NO;
				CLANG_ANALYZER_NONNULL = YES;
				CLANG_ANALYZER_NUMBER_OBJECT_CONVERSION = YES_AGGRESSIVE;
				CLANG_CXX_LANGUAGE_STANDARD = "gnu++14";
				CLANG_CXX_LIBRARY = "libc++";
				CLANG_ENABLE_MODULES = YES;
				CLANG_ENABLE_OBJC_ARC = YES;
				CLANG_WARN_BLOCK_CAPTURE_AUTORELEASING = YES;
				CLANG_WARN_BOOL_CONVERSION = YES;
				CLANG_WARN_COMMA = YES;
				CLANG_WARN_CONSTANT_CONVERSION = YES;
				CLANG_WARN_DIRECT_OBJC_ISA_USAGE = YES_ERROR;
				CLANG_WARN_DOCUMENTATION_COMMENTS = YES;
				CLANG_WARN_EMPTY_BODY = YES;
				CLANG_WARN_ENUM_CONVERSION = YES;
				CLANG_WARN_INFINITE_RECURSION = YES;
				CLANG_WARN_INT_CONVERSION = YES;
				CLANG_WARN_NON_LITERAL_NULL_CONVERSION = YES;
				CLANG_WARN_OBJC_LITERAL_CONVERSION = YES;
				CLANG_WARN_OBJC_ROOT_CLASS = YES_ERROR;
				CLANG_WARN_RANGE_LOOP_ANALYSIS = YES;
				CLANG_WARN_STRICT_PROTOTYPES = YES;
				CLANG_WARN_SUSPICIOUS_MOVE = YES;
				CLANG_WARN_UNGUARDED_AVAILABILITY = YES_AGGRESSIVE;
				CLANG_WARN_UNREACHABLE_CODE = YES;
				CLANG_WARN__DUPLICATE_METHOD_MATCH = YES;
				CODE_SIGN_IDENTITY = "iPhone Developer";
				COPY_PHASE_STRIP = NO;
				DEBUG_INFORMATION_FORMAT = dwarf;
				ENABLE_STRICT_OBJC_MSGSEND = YES;
				ENABLE_TESTABILITY = YES;
				GCC_C_LANGUAGE_STANDARD = gnu11;
				GCC_DYNAMIC_NO_PIC = NO;
				GCC_NO_COMMON_BLOCKS = YES;
				GCC_OPTIMIZATION_LEVEL = 0;
				GCC_PREPROCESSOR_DEFINITIONS = (
					"DEBUG=1",
					"$(inherited)",
				);
				GCC_WARN_64_TO_32_BIT_CONVERSION = YES;
				GCC_WARN_ABOUT_RETURN_TYPE = YES_ERROR;
				GCC_WARN_UNDECLARED_SELECTOR = YES;
				GCC_WARN_UNINITIALIZED_AUTOS = YES_AGGRESSIVE;
				GCC_WARN_UNUSED_FUNCTION = YES;
				GCC_WARN_UNUSED_VARIABLE = YES;
				IPHONEOS_DEPLOYMENT_TARGET = 11.0;
				MTL_ENABLE_DEBUG_INFO = YES;
				ONLY_ACTIVE_ARCH = YES;
				SDKROOT = iphoneos;
				SWIFT_ACTIVE_COMPILATION_CONDITIONS = DEBUG;
				SWIFT_OPTIMIZATION_LEVEL = "-Onone";
			};
			name = Debug;
		};
		A1D901381F59A528000B9014 /* Release */ = {
			isa = XCBuildConfiguration;
			buildSettings = {
				ALWAYS_SEARCH_USER_PATHS = NO;
				CLANG_ANALYZER_NONNULL = YES;
				CLANG_ANALYZER_NUMBER_OBJECT_CONVERSION = YES_AGGRESSIVE;
				CLANG_CXX_LANGUAGE_STANDARD = "gnu++14";
				CLANG_CXX_LIBRARY = "libc++";
				CLANG_ENABLE_MODULES = YES;
				CLANG_ENABLE_OBJC_ARC = YES;
				CLANG_WARN_BLOCK_CAPTURE_AUTORELEASING = YES;
				CLANG_WARN_BOOL_CONVERSION = YES;
				CLANG_WARN_COMMA = YES;
				CLANG_WARN_CONSTANT_CONVERSION = YES;
				CLANG_WARN_DIRECT_OBJC_ISA_USAGE = YES_ERROR;
				CLANG_WARN_DOCUMENTATION_COMMENTS = YES;
				CLANG_WARN_EMPTY_BODY = YES;
				CLANG_WARN_ENUM_CONVERSION = YES;
				CLANG_WARN_INFINITE_RECURSION = YES;
				CLANG_WARN_INT_CONVERSION = YES;
				CLANG_WARN_NON_LITERAL_NULL_CONVERSION = YES;
				CLANG_WARN_OBJC_LITERAL_CONVERSION = YES;
				CLANG_WARN_OBJC_ROOT_CLASS = YES_ERROR;
				CLANG_WARN_RANGE_LOOP_ANALYSIS = YES;
				CLANG_WARN_STRICT_PROTOTYPES = YES;
				CLANG_WARN_SUSPICIOUS_MOVE = YES;
				CLANG_WARN_UNGUARDED_AVAILABILITY = YES_AGGRESSIVE;
				CLANG_WARN_UNREACHABLE_CODE = YES;
				CLANG_WARN__DUPLICATE_METHOD_MATCH = YES;
				CODE_SIGN_IDENTITY = "iPhone Developer";
				COPY_PHASE_STRIP = NO;
				DEBUG_INFORMATION_FORMAT = "dwarf-with-dsym";
				ENABLE_NS_ASSERTIONS = NO;
				ENABLE_STRICT_OBJC_MSGSEND = YES;
				GCC_C_LANGUAGE_STANDARD = gnu11;
				GCC_NO_COMMON_BLOCKS = YES;
				GCC_WARN_64_TO_32_BIT_CONVERSION = YES;
				GCC_WARN_ABOUT_RETURN_TYPE = YES_ERROR;
				GCC_WARN_UNDECLARED_SELECTOR = YES;
				GCC_WARN_UNINITIALIZED_AUTOS = YES_AGGRESSIVE;
				GCC_WARN_UNUSED_FUNCTION = YES;
				GCC_WARN_UNUSED_VARIABLE = YES;
				IPHONEOS_DEPLOYMENT_TARGET = 11.0;
				MTL_ENABLE_DEBUG_INFO = NO;
				SDKROOT = iphoneos;
				SWIFT_OPTIMIZATION_LEVEL = "-Owholemodule";
				VALIDATE_PRODUCT = YES;
			};
			name = Release;
		};
		A1D9013A1F59A528000B9014 /* Debug */ = {
			isa = XCBuildConfiguration;
			buildSettings = {
				ASSETCATALOG_COMPILER_APPICON_NAME = AppIcon;
				CODE_SIGN_STYLE = Automatic;
				DEVELOPMENT_TEAM = 3L7H8VVRDT;
				INFOPLIST_FILE = goalpost/Info.plist;
				LD_RUNPATH_SEARCH_PATHS = "$(inherited) @executable_path/Frameworks";
				PRODUCT_BUNDLE_IDENTIFIER = com.andygreenough.goalpost;
				PRODUCT_NAME = "$(TARGET_NAME)";
				SWIFT_VERSION = 4.0;
				TARGETED_DEVICE_FAMILY = "1,2";
			};
			name = Debug;
		};
		A1D9013B1F59A528000B9014 /* Release */ = {
			isa = XCBuildConfiguration;
			buildSettings = {
				ASSETCATALOG_COMPILER_APPICON_NAME = AppIcon;
				CODE_SIGN_STYLE = Automatic;
				DEVELOPMENT_TEAM = 3L7H8VVRDT;
				INFOPLIST_FILE = goalpost/Info.plist;
				LD_RUNPATH_SEARCH_PATHS = "$(inherited) @executable_path/Frameworks";
				PRODUCT_BUNDLE_IDENTIFIER = com.andygreenough.goalpost;
				PRODUCT_NAME = "$(TARGET_NAME)";
				SWIFT_VERSION = 4.0;
				TARGETED_DEVICE_FAMILY = "1,2";
			};
			name = Release;
		};
/* End XCBuildConfiguration section */

/* Begin XCConfigurationList section */
		A1D9011F1F59A528000B9014 /* Build configuration list for PBXProject "goalpost" */ = {
			isa = XCConfigurationList;
			buildConfigurations = (
				A1D901371F59A528000B9014 /* Debug */,
				A1D901381F59A528000B9014 /* Release */,
			);
			defaultConfigurationIsVisible = 0;
			defaultConfigurationName = Release;
		};
		A1D901391F59A528000B9014 /* Build configuration list for PBXNativeTarget "goalpost" */ = {
			isa = XCConfigurationList;
			buildConfigurations = (
				A1D9013A1F59A528000B9014 /* Debug */,
				A1D9013B1F59A528000B9014 /* Release */,
			);
			defaultConfigurationIsVisible = 0;
			defaultConfigurationName = Release;
		};
/* End XCConfigurationList section */

/* Begin XCVersionGroup section */
		A1D9012E1F59A528000B9014 /* goalpost.xcdatamodeld */ = {
			isa = XCVersionGroup;
			children = (
				A1D9012F1F59A528000B9014 /* goalpost.xcdatamodel */,
			);
			currentVersion = A1D9012F1F59A528000B9014 /* goalpost.xcdatamodel */;
			path = goalpost.xcdatamodeld;
			sourceTree = "<group>";
			versionGroupType = wrapper.xcdatamodel;
		};
/* End XCVersionGroup section */
	};
	rootObject = A1D9011C1F59A528000B9014 /* Project object */;
}
